
Microsoft Visual Studio Solution File, Format Version 12.00
# Visual Studio 14
VisualStudioVersion = 14.0.24720.0
MinimumVisualStudioVersion = 10.0.40219.1
Project("{FAE04EC0-301F-11D3-BF4B-00C04F79EFBC}") = "FlatRent.WebApi", "FlatRent\FlatRent.WebApi.csproj", "{25E43F7B-5245-4869-BB07-ECE605C3AC8E}"
EndProject
Project("{FAE04EC0-301F-11D3-BF4B-00C04F79EFBC}") = "FlatRent.Web", "FlatRent.Web\FlatRent.Web.csproj", "{111AFC8A-F558-424B-9EBB-945C2947254E}"
EndProject
Project("{FAE04EC0-301F-11D3-BF4B-00C04F79EFBC}") = "FlatRent.Entities", "ClassLibrary1\FlatRent.Entities.csproj", "{8A411A02-A741-4A2E-B923-A3B7ED123580}"
EndProject
Global
	GlobalSection(SolutionConfigurationPlatforms) = preSolution
		Debug|Any CPU = Debug|Any CPU
		Release|Any CPU = Release|Any CPU
	EndGlobalSection
	GlobalSection(ProjectConfigurationPlatforms) = postSolution
		{25E43F7B-5245-4869-BB07-ECE605C3AC8E}.Debug|Any CPU.ActiveCfg = Debug|Any CPU
		{25E43F7B-5245-4869-BB07-ECE605C3AC8E}.Debug|Any CPU.Build.0 = Debug|Any CPU
		{25E43F7B-5245-4869-BB07-ECE605C3AC8E}.Release|Any CPU.ActiveCfg = Release|Any CPU
		{25E43F7B-5245-4869-BB07-ECE605C3AC8E}.Release|Any CPU.Build.0 = Release|Any CPU
		{111AFC8A-F558-424B-9EBB-945C2947254E}.Debug|Any CPU.ActiveCfg = Debug|Any CPU
		{111AFC8A-F558-424B-9EBB-945C2947254E}.Debug|Any CPU.Build.0 = Debug|Any CPU
		{111AFC8A-F558-424B-9EBB-945C2947254E}.Release|Any CPU.ActiveCfg = Release|Any CPU
		{111AFC8A-F558-424B-9EBB-945C2947254E}.Release|Any CPU.Build.0 = Release|Any CPU
		{8A411A02-A741-4A2E-B923-A3B7ED123580}.Debug|Any CPU.ActiveCfg = Debug|Any CPU
		{8A411A02-A741-4A2E-B923-A3B7ED123580}.Debug|Any CPU.Build.0 = Debug|Any CPU
		{8A411A02-A741-4A2E-B923-A3B7ED123580}.Release|Any CPU.ActiveCfg = Release|Any CPU
		{8A411A02-A741-4A2E-B923-A3B7ED123580}.Release|Any CPU.Build.0 = Release|Any CPU
	EndGlobalSection
	GlobalSection(SolutionProperties) = preSolution
		HideSolutionNode = FALSE
	EndGlobalSection
EndGlobal
